// !$*UTF8*$!
{
	archiveVersion = 1;
	classes = {
	};
	objectVersion = 50;
	objects = {

/* Begin PBXBuildFile section */
		C2D223B722123B09002F8D0D /* AppDelegate.swift in Sources */ = {isa = PBXBuildFile; fileRef = C2D223B622123B09002F8D0D /* AppDelegate.swift */; };
		C2D223B922123B09002F8D0D /* ViewController.swift in Sources */ = {isa = PBXBuildFile; fileRef = C2D223B822123B09002F8D0D /* ViewController.swift */; };
		C2D223BC22123B09002F8D0D /* Main.storyboard in Resources */ = {isa = PBXBuildFile; fileRef = C2D223BA22123B09002F8D0D /* Main.storyboard */; };
		C2D223BE22123B0B002F8D0D /* Assets.xcassets in Resources */ = {isa = PBXBuildFile; fileRef = C2D223BD22123B0B002F8D0D /* Assets.xcassets */; };
		C2D223C122123B0B002F8D0D /* LaunchScreen.storyboard in Resources */ = {isa = PBXBuildFile; fileRef = C2D223BF22123B0B002F8D0D /* LaunchScreen.storyboard */; };
		C2D223CC22123B0B002F8D0D /* InstagramTests.swift in Sources */ = {isa = PBXBuildFile; fileRef = C2D223CB22123B0B002F8D0D /* InstagramTests.swift */; };
		C2D223D722123B0B002F8D0D /* InstagramUITests.swift in Sources */ = {isa = PBXBuildFile; fileRef = C2D223D622123B0B002F8D0D /* InstagramUITests.swift */; };
/* End PBXBuildFile section */

/* Begin PBXContainerItemProxy section */
		C2D223C822123B0B002F8D0D /* PBXContainerItemProxy */ = {
			isa = PBXContainerItemProxy;
			containerPortal = C2D223AB22123B09002F8D0D /* Project object */;
			proxyType = 1;
			remoteGlobalIDString = C2D223B222123B09002F8D0D;
			remoteInfo = Instagram;
		};
		C2D223D322123B0B002F8D0D /* PBXContainerItemProxy */ = {
			isa = PBXContainerItemProxy;
			containerPortal = C2D223AB22123B09002F8D0D /* Project object */;
			proxyType = 1;
			remoteGlobalIDString = C2D223B222123B09002F8D0D;
			remoteInfo = Instagram;
		};
/* End PBXContainerItemProxy section */

/* Begin PBXFileReference section */
		C2D223B322123B09002F8D0D /* Instagram.app */ = {isa = PBXFileReference; explicitFileType = wrapper.application; includeInIndex = 0; path = Instagram.app; sourceTree = BUILT_PRODUCTS_DIR; };
		C2D223B622123B09002F8D0D /* AppDelegate.swift */ = {isa = PBXFileReference; lastKnownFileType = sourcecode.swift; path = AppDelegate.swift; sourceTree = "<group>"; };
		C2D223B822123B09002F8D0D /* ViewController.swift */ = {isa = PBXFileReference; lastKnownFileType = sourcecode.swift; path = ViewController.swift; sourceTree = "<group>"; };
		C2D223BB22123B09002F8D0D /* Base */ = {isa = PBXFileReference; lastKnownFileType = file.storyboard; name = Base; path = Base.lproj/Main.storyboard; sourceTree = "<group>"; };
		C2D223BD22123B0B002F8D0D /* Assets.xcassets */ = {isa = PBXFileReference; lastKnownFileType = folder.assetcatalog; path = Assets.xcassets; sourceTree = "<group>"; };
		C2D223C022123B0B002F8D0D /* Base */ = {isa = PBXFileReference; lastKnownFileType = file.storyboard; name = Base; path = Base.lproj/LaunchScreen.storyboard; sourceTree = "<group>"; };
		C2D223C222123B0B002F8D0D /* Info.plist */ = {isa = PBXFileReference; lastKnownFileType = text.plist.xml; path = Info.plist; sourceTree = "<group>"; };
		C2D223C722123B0B002F8D0D /* InstagramTests.xctest */ = {isa = PBXFileReference; explicitFileType = wrapper.cfbundle; includeInIndex = 0; path = InstagramTests.xctest; sourceTree = BUILT_PRODUCTS_DIR; };
		C2D223CB22123B0B002F8D0D /* InstagramTests.swift */ = {isa = PBXFileReference; lastKnownFileType = sourcecode.swift; path = InstagramTests.swift; sourceTree = "<group>"; };
		C2D223CD22123B0B002F8D0D /* Info.plist */ = {isa = PBXFileReference; lastKnownFileType = text.plist.xml; path = Info.plist; sourceTree = "<group>"; };
		C2D223D222123B0B002F8D0D /* InstagramUITests.xctest */ = {isa = PBXFileReference; explicitFileType = wrapper.cfbundle; includeInIndex = 0; path = InstagramUITests.xctest; sourceTree = BUILT_PRODUCTS_DIR; };
		C2D223D622123B0B002F8D0D /* InstagramUITests.swift */ = {isa = PBXFileReference; lastKnownFileType = sourcecode.swift; path = InstagramUITests.swift; sourceTree = "<group>"; };
		C2D223D822123B0B002F8D0D /* Info.plist */ = {isa = PBXFileReference; lastKnownFileType = text.plist.xml; path = Info.plist; sourceTree = "<group>"; };
/* End PBXFileReference section */

/* Begin PBXFrameworksBuildPhase section */
		C2D223B022123B09002F8D0D /* Frameworks */ = {
			isa = PBXFrameworksBuildPhase;
			buildActionMask = 2147483647;
			files = (
			);
			runOnlyForDeploymentPostprocessing = 0;
		};
		C2D223C422123B0B002F8D0D /* Frameworks */ = {
			isa = PBXFrameworksBuildPhase;
			buildActionMask = 2147483647;
			files = (
			);
			runOnlyForDeploymentPostprocessing = 0;
		};
		C2D223CF22123B0B002F8D0D /* Frameworks */ = {
			isa = PBXFrameworksBuildPhase;
			buildActionMask = 2147483647;
			files = (
			);
			runOnlyForDeploymentPostprocessing = 0;
		};
/* End PBXFrameworksBuildPhase section */

/* Begin PBXGroup section */
		C2D223AA22123B09002F8D0D = {
			isa = PBXGroup;
			children = (
				C2D223B522123B09002F8D0D /* Instagram */,
				C2D223CA22123B0B002F8D0D /* InstagramTests */,
				C2D223D522123B0B002F8D0D /* InstagramUITests */,
				C2D223B422123B09002F8D0D /* Products */,
			);
			sourceTree = "<group>";
		};
		C2D223B422123B09002F8D0D /* Products */ = {
			isa = PBXGroup;
			children = (
				C2D223B322123B09002F8D0D /* Instagram.app */,
				C2D223C722123B0B002F8D0D /* InstagramTests.xctest */,
				C2D223D222123B0B002F8D0D /* InstagramUITests.xctest */,
			);
			name = Products;
			sourceTree = "<group>";
		};
		C2D223B522123B09002F8D0D /* Instagram */ = {
			isa = PBXGroup;
			children = (
				C2D223B622123B09002F8D0D /* AppDelegate.swift */,
				C2D223B822123B09002F8D0D /* ViewController.swift */,
				C2D223BA22123B09002F8D0D /* Main.storyboard */,
				C2D223BD22123B0B002F8D0D /* Assets.xcassets */,
				C2D223BF22123B0B002F8D0D /* LaunchScreen.storyboard */,
				C2D223C222123B0B002F8D0D /* Info.plist */,
			);
			path = Instagram;
			sourceTree = "<group>";
		};
		C2D223CA22123B0B002F8D0D /* InstagramTests */ = {
			isa = PBXGroup;
			children = (
				C2D223CB22123B0B002F8D0D /* InstagramTests.swift */,
				C2D223CD22123B0B002F8D0D /* Info.plist */,
			);
			path = InstagramTests;
			sourceTree = "<group>";
		};
		C2D223D522123B0B002F8D0D /* InstagramUITests */ = {
			isa = PBXGroup;
			children = (
				C2D223D622123B0B002F8D0D /* InstagramUITests.swift */,
				C2D223D822123B0B002F8D0D /* Info.plist */,
			);
			path = InstagramUITests;
			sourceTree = "<group>";
		};
/* End PBXGroup section */

/* Begin PBXNativeTarget section */
		C2D223B222123B09002F8D0D /* Instagram */ = {
			isa = PBXNativeTarget;
			buildConfigurationList = C2D223DB22123B0B002F8D0D /* Build configuration list for PBXNativeTarget "Instagram" */;
			buildPhases = (
				C2D223AF22123B09002F8D0D /* Sources */,
				C2D223B022123B09002F8D0D /* Frameworks */,
				C2D223B122123B09002F8D0D /* Resources */,
			);
			buildRules = (
			);
			dependencies = (
			);
			name = Instagram;
			productName = Instagram;
			productReference = C2D223B322123B09002F8D0D /* Instagram.app */;
			productType = "com.apple.product-type.application";
		};
		C2D223C622123B0B002F8D0D /* InstagramTests */ = {
			isa = PBXNativeTarget;
			buildConfigurationList = C2D223DE22123B0B002F8D0D /* Build configuration list for PBXNativeTarget "InstagramTests" */;
			buildPhases = (
				C2D223C322123B0B002F8D0D /* Sources */,
				C2D223C422123B0B002F8D0D /* Frameworks */,
				C2D223C522123B0B002F8D0D /* Resources */,
			);
			buildRules = (
			);
			dependencies = (
				C2D223C922123B0B002F8D0D /* PBXTargetDependency */,
			);
			name = InstagramTests;
			productName = InstagramTests;
			productReference = C2D223C722123B0B002F8D0D /* InstagramTests.xctest */;
			productType = "com.apple.product-type.bundle.unit-test";
		};
		C2D223D122123B0B002F8D0D /* InstagramUITests */ = {
			isa = PBXNativeTarget;
			buildConfigurationList = C2D223E122123B0B002F8D0D /* Build configuration list for PBXNativeTarget "InstagramUITests" */;
			buildPhases = (
				C2D223CE22123B0B002F8D0D /* Sources */,
				C2D223CF22123B0B002F8D0D /* Frameworks */,
				C2D223D022123B0B002F8D0D /* Resources */,
			);
			buildRules = (
			);
			dependencies = (
				C2D223D422123B0B002F8D0D /* PBXTargetDependency */,
			);
			name = InstagramUITests;
			productName = InstagramUITests;
			productReference = C2D223D222123B0B002F8D0D /* InstagramUITests.xctest */;
			productType = "com.apple.product-type.bundle.ui-testing";
		};
/* End PBXNativeTarget section */

/* Begin PBXProject section */
		C2D223AB22123B09002F8D0D /* Project object */ = {
			isa = PBXProject;
			attributes = {
				LastSwiftUpdateCheck = 1010;
				LastUpgradeCheck = 1010;
				ORGANIZATIONNAME = individual;
				TargetAttributes = {
					C2D223B222123B09002F8D0D = {
						CreatedOnToolsVersion = 10.1;
					};
					C2D223C622123B0B002F8D0D = {
						CreatedOnToolsVersion = 10.1;
						TestTargetID = C2D223B222123B09002F8D0D;
					};
					C2D223D122123B0B002F8D0D = {
						CreatedOnToolsVersion = 10.1;
						TestTargetID = C2D223B222123B09002F8D0D;
					};
				};
			};
			buildConfigurationList = C2D223AE22123B09002F8D0D /* Build configuration list for PBXProject "Instagram" */;
			compatibilityVersion = "Xcode 9.3";
			developmentRegion = en;
			hasScannedForEncodings = 0;
			knownRegions = (
				en,
				Base,
			);
			mainGroup = C2D223AA22123B09002F8D0D;
			productRefGroup = C2D223B422123B09002F8D0D /* Products */;
			projectDirPath = "";
			projectRoot = "";
			targets = (
				C2D223B222123B09002F8D0D /* Instagram */,
				C2D223C622123B0B002F8D0D /* InstagramTests */,
				C2D223D122123B0B002F8D0D /* InstagramUITests */,
			);
		};
/* End PBXProject section */

/* Begin PBXResourcesBuildPhase section */
		C2D223B122123B09002F8D0D /* Resources */ = {
			isa = PBXResourcesBuildPhase;
			buildActionMask = 2147483647;
			files = (
				C2D223C122123B0B002F8D0D /* LaunchScreen.storyboard in Resources */,
				C2D223BE22123B0B002F8D0D /* Assets.xcassets in Resources */,
				C2D223BC22123B09002F8D0D /* Main.storyboard in Resources */,
			);
			runOnlyForDeploymentPostprocessing = 0;
		};
		C2D223C522123B0B002F8D0D /* Resources */ = {
			isa = PBXResourcesBuildPhase;
			buildActionMask = 2147483647;
			files = (
			);
			runOnlyForDeploymentPostprocessing = 0;
		};
		C2D223D022123B0B002F8D0D /* Resources */ = {
			isa = PBXResourcesBuildPhase;
			buildActionMask = 2147483647;
			files = (
			);
			runOnlyForDeploymentPostprocessing = 0;
		};
/* End PBXResourcesBuildPhase section */

/* Begin PBXSourcesBuildPhase section */
		C2D223AF22123B09002F8D0D /* Sources */ = {
			isa = PBXSourcesBuildPhase;
			buildActionMask = 2147483647;
			files = (
				C2D223B922123B09002F8D0D /* ViewController.swift in Sources */,
				C2D223B722123B09002F8D0D /* AppDelegate.swift in Sources */,
			);
			runOnlyForDeploymentPostprocessing = 0;
		};
		C2D223C322123B0B002F8D0D /* Sources */ = {
			isa = PBXSourcesBuildPhase;
			buildActionMask = 2147483647;
			files = (
				C2D223CC22123B0B002F8D0D /* InstagramTests.swift in Sources */,
			);
			runOnlyForDeploymentPostprocessing = 0;
		};
		C2D223CE22123B0B002F8D0D /* Sources */ = {
			isa = PBXSourcesBuildPhase;
			buildActionMask = 2147483647;
			files = (
				C2D223D722123B0B002F8D0D /* InstagramUITests.swift in Sources */,
			);
			runOnlyForDeploymentPostprocessing = 0;
		};
/* End PBXSourcesBuildPhase section */

/* Begin PBXTargetDependency section */
		C2D223C922123B0B002F8D0D /* PBXTargetDependency */ = {
			isa = PBXTargetDependency;
			target = C2D223B222123B09002F8D0D /* Instagram */;
			targetProxy = C2D223C822123B0B002F8D0D /* PBXContainerItemProxy */;
		};
		C2D223D422123B0B002F8D0D /* PBXTargetDependency */ = {
			isa = PBXTargetDependency;
			target = C2D223B222123B09002F8D0D /* Instagram */;
			targetProxy = C2D223D322123B0B002F8D0D /* PBXContainerItemProxy */;
		};
/* End PBXTargetDependency section */

/* Begin PBXVariantGroup section */
		C2D223BA22123B09002F8D0D /* Main.storyboard */ = {
			isa = PBXVariantGroup;
			children = (
				C2D223BB22123B09002F8D0D /* Base */,
			);
			name = Main.storyboard;
			sourceTree = "<group>";
		};
		C2D223BF22123B0B002F8D0D /* LaunchScreen.storyboard */ = {
			isa = PBXVariantGroup;
			children = (
				C2D223C022123B0B002F8D0D /* Base */,
			);
			name = LaunchScreen.storyboard;
			sourceTree = "<group>";
		};
/* End PBXVariantGroup section */

/* Begin XCBuildConfiguration section */
		C2D223D922123B0B002F8D0D /* Debug */ = {
			isa = XCBuildConfiguration;
			buildSettings = {
				ALWAYS_SEARCH_USER_PATHS = NO;
				CLANG_ANALYZER_NONNULL = YES;
				CLANG_ANALYZER_NUMBER_OBJECT_CONVERSION = YES_AGGRESSIVE;
				CLANG_CXX_LANGUAGE_STANDARD = "gnu++14";
				CLANG_CXX_LIBRARY = "libc++";
				CLANG_ENABLE_MODULES = YES;
				CLANG_ENABLE_OBJC_ARC = YES;
				CLANG_ENABLE_OBJC_WEAK = YES;
				CLANG_WARN_BLOCK_CAPTURE_AUTORELEASING = YES;
				CLANG_WARN_BOOL_CONVERSION = YES;
				CLANG_WARN_COMMA = YES;
				CLANG_WARN_CONSTANT_CONVERSION = YES;
				CLANG_WARN_DEPRECATED_OBJC_IMPLEMENTATIONS = YES;
				CLANG_WARN_DIRECT_OBJC_ISA_USAGE = YES_ERROR;
				CLANG_WARN_DOCUMENTATION_COMMENTS = YES;
				CLANG_WARN_EMPTY_BODY = YES;
				CLANG_WARN_ENUM_CONVERSION = YES;
				CLANG_WARN_INFINITE_RECURSION = YES;
				CLANG_WARN_INT_CONVERSION = YES;
				CLANG_WARN_NON_LITERAL_NULL_CONVERSION = YES;
				CLANG_WARN_OBJC_IMPLICIT_RETAIN_SELF = YES;
				CLANG_WARN_OBJC_LITERAL_CONVERSION = YES;
				CLANG_WARN_OBJC_ROOT_CLASS = YES_ERROR;
				CLANG_WARN_RANGE_LOOP_ANALYSIS = YES;
				CLANG_WARN_STRICT_PROTOTYPES = YES;
				CLANG_WARN_SUSPICIOUS_MOVE = YES;
				CLANG_WARN_UNGUARDED_AVAILABILITY = YES_AGGRESSIVE;
				CLANG_WARN_UNREACHABLE_CODE = YES;
				CLANG_WARN__DUPLICATE_METHOD_MATCH = YES;
				CODE_SIGN_IDENTITY = "iPhone Developer";
				COPY_PHASE_STRIP = NO;
				DEBUG_INFORMATION_FORMAT = dwarf;
				ENABLE_STRICT_OBJC_MSGSEND = YES;
				ENABLE_TESTABILITY = YES;
				GCC_C_LANGUAGE_STANDARD = gnu11;
				GCC_DYNAMIC_NO_PIC = NO;
				GCC_NO_COMMON_BLOCKS = YES;
				GCC_OPTIMIZATION_LEVEL = 0;
				GCC_PREPROCESSOR_DEFINITIONS = (
					"DEBUG=1",
					"$(inherited)",
				);
				GCC_WARN_64_TO_32_BIT_CONVERSION = YES;
				GCC_WARN_ABOUT_RETURN_TYPE = YES_ERROR;
				GCC_WARN_UNDECLARED_SELECTOR = YES;
				GCC_WARN_UNINITIALIZED_AUTOS = YES_AGGRESSIVE;
				GCC_WARN_UNUSED_FUNCTION = YES;
				GCC_WARN_UNUSED_VARIABLE = YES;
				IPHONEOS_DEPLOYMENT_TARGET = 12.1;
				MTL_ENABLE_DEBUG_INFO = INCLUDE_SOURCE;
				MTL_FAST_MATH = YES;
				ONLY_ACTIVE_ARCH = YES;
				SDKROOT = iphoneos;
				SWIFT_ACTIVE_COMPILATION_CONDITIONS = DEBUG;
				SWIFT_OPTIMIZATION_LEVEL = "-Onone";
			};
			name = Debug;
		};
		C2D223DA22123B0B002F8D0D /* Release */ = {
			isa = XCBuildConfiguration;
			buildSettings = {
				ALWAYS_SEARCH_USER_PATHS = NO;
				CLANG_ANALYZER_NONNULL = YES;
				CLANG_ANALYZER_NUMBER_OBJECT_CONVERSION = YES_AGGRESSIVE;
				CLANG_CXX_LANGUAGE_STANDARD = "gnu++14";
				CLANG_CXX_LIBRARY = "libc++";
				CLANG_ENABLE_MODULES = YES;
				CLANG_ENABLE_OBJC_ARC = YES;
				CLANG_ENABLE_OBJC_WEAK = YES;
				CLANG_WARN_BLOCK_CAPTURE_AUTORELEASING = YES;
				CLANG_WARN_BOOL_CONVERSION = YES;
				CLANG_WARN_COMMA = YES;
				CLANG_WARN_CONSTANT_CONVERSION = YES;
				CLANG_WARN_DEPRECATED_OBJC_IMPLEMENTATIONS = YES;
				CLANG_WARN_DIRECT_OBJC_ISA_USAGE = YES_ERROR;
				CLANG_WARN_DOCUMENTATION_COMMENTS = YES;
				CLANG_WARN_EMPTY_BODY = YES;
				CLANG_WARN_ENUM_CONVERSION = YES;
				CLANG_WARN_INFINITE_RECURSION = YES;
				CLANG_WARN_INT_CONVERSION = YES;
				CLANG_WARN_NON_LITERAL_NULL_CONVERSION = YES;
				CLANG_WARN_OBJC_IMPLICIT_RETAIN_SELF = YES;
				CLANG_WARN_OBJC_LITERAL_CONVERSION = YES;
				CLANG_WARN_OBJC_ROOT_CLASS = YES_ERROR;
				CLANG_WARN_RANGE_LOOP_ANALYSIS = YES;
				CLANG_WARN_STRICT_PROTOTYPES = YES;
				CLANG_WARN_SUSPICIOUS_MOVE = YES;
				CLANG_WARN_UNGUARDED_AVAILABILITY = YES_AGGRESSIVE;
				CLANG_WARN_UNREACHABLE_CODE = YES;
				CLANG_WARN__DUPLICATE_METHOD_MATCH = YES;
				CODE_SIGN_IDENTITY = "iPhone Developer";
				COPY_PHASE_STRIP = NO;
				DEBUG_INFORMATION_FORMAT = "dwarf-with-dsym";
				ENABLE_NS_ASSERTIONS = NO;
				ENABLE_STRICT_OBJC_MSGSEND = YES;
				GCC_C_LANGUAGE_STANDARD = gnu11;
				GCC_NO_COMMON_BLOCKS = YES;
				GCC_WARN_64_TO_32_BIT_CONVERSION = YES;
				GCC_WARN_ABOUT_RETURN_TYPE = YES_ERROR;
				GCC_WARN_UNDECLARED_SELECTOR = YES;
				GCC_WARN_UNINITIALIZED_AUTOS = YES_AGGRESSIVE;
				GCC_WARN_UNUSED_FUNCTION = YES;
				GCC_WARN_UNUSED_VARIABLE = YES;
				IPHONEOS_DEPLOYMENT_TARGET = 12.1;
				MTL_ENABLE_DEBUG_INFO = NO;
				MTL_FAST_MATH = YES;
				SDKROOT = iphoneos;
				SWIFT_COMPILATION_MODE = wholemodule;
				SWIFT_OPTIMIZATION_LEVEL = "-O";
				VALIDATE_PRODUCT = YES;
			};
			name = Release;
		};
		C2D223DC22123B0B002F8D0D /* Debug */ = {
			isa = XCBuildConfiguration;
			buildSettings = {
				ASSETCATALOG_COMPILER_APPICON_NAME = AppIcon;
				CODE_SIGN_STYLE = Automatic;
				DEVELOPMENT_TEAM = ZMCS57K2XJ;
				INFOPLIST_FILE = Instagram/Info.plist;
				LD_RUNPATH_SEARCH_PATHS = (
					"$(inherited)",
					"@executable_path/Frameworks",
				);
				PRODUCT_BUNDLE_IDENTIFIER = individual.Instagram;
				PRODUCT_NAME = "$(TARGET_NAME)";
				SWIFT_VERSION = 4.2;
				TARGETED_DEVICE_FAMILY = "1,2";
			};
			name = Debug;
		};
		C2D223DD22123B0B002F8D0D /* Release */ = {
			isa = XCBuildConfiguration;
			buildSettings = {
				ASSETCATALOG_COMPILER_APPICON_NAME = AppIcon;
				CODE_SIGN_STYLE = Automatic;
				DEVELOPMENT_TEAM = ZMCS57K2XJ;
				INFOPLIST_FILE = Instagram/Info.plist;
				LD_RUNPATH_SEARCH_PATHS = (
					"$(inherited)",
					"@executable_path/Frameworks",
				);
				PRODUCT_BUNDLE_IDENTIFIER = individual.Instagram;
				PRODUCT_NAME = "$(TARGET_NAME)";
				SWIFT_VERSION = 4.2;
				TARGETED_DEVICE_FAMILY = "1,2";
			};
			name = Release;
		};
		C2D223DF22123B0B002F8D0D /* Debug */ = {
			isa = XCBuildConfiguration;
			buildSettings = {
				ALWAYS_EMBED_SWIFT_STANDARD_LIBRARIES = YES;
				BUNDLE_LOADER = "$(TEST_HOST)";
				CODE_SIGN_STYLE = Automatic;
				DEVELOPMENT_TEAM = ZMCS57K2XJ;
				INFOPLIST_FILE = InstagramTests/Info.plist;
				LD_RUNPATH_SEARCH_PATHS = (
					"$(inherited)",
					"@executable_path/Frameworks",
					"@loader_path/Frameworks",
				);
				PRODUCT_BUNDLE_IDENTIFIER = individual.InstagramTests;
				PRODUCT_NAME = "$(TARGET_NAME)";
				SWIFT_VERSION = 4.2;
				TARGETED_DEVICE_FAMILY = "1,2";
				TEST_HOST = "$(BUILT_PRODUCTS_DIR)/Instagram.app/Instagram";
			};
			name = Debug;
		};
		C2D223E022123B0B002F8D0D /* Release */ = {
			isa = XCBuildConfiguration;
			buildSettings = {
				ALWAYS_EMBED_SWIFT_STANDARD_LIBRARIES = YES;
				BUNDLE_LOADER = "$(TEST_HOST)";
				CODE_SIGN_STYLE = Automatic;
				DEVELOPMENT_TEAM = ZMCS57K2XJ;
				INFOPLIST_FILE = InstagramTests/Info.plist;
				LD_RUNPATH_SEARCH_PATHS = (
					"$(inherited)",
					"@executable_path/Frameworks",
					"@loader_path/Frameworks",
				);
				PRODUCT_BUNDLE_IDENTIFIER = individual.InstagramTests;
				PRODUCT_NAME = "$(TARGET_NAME)";
				SWIFT_VERSION = 4.2;
				TARGETED_DEVICE_FAMILY = "1,2";
				TEST_HOST = "$(BUILT_PRODUCTS_DIR)/Instagram.app/Instagram";
			};
			name = Release;
		};
		C2D223E222123B0B002F8D0D /* Debug */ = {
			isa = XCBuildConfiguration;
			buildSettings = {
				ALWAYS_EMBED_SWIFT_STANDARD_LIBRARIES = YES;
				CODE_SIGN_STYLE = Automatic;
				DEVELOPMENT_TEAM = ZMCS57K2XJ;
				INFOPLIST_FILE = InstagramUITests/Info.plist;
				LD_RUNPATH_SEARCH_PATHS = (
					"$(inherited)",
					"@executable_path/Frameworks",
					"@loader_path/Frameworks",
				);
				PRODUCT_BUNDLE_IDENTIFIER = individual.InstagramUITests;
				PRODUCT_NAME = "$(TARGET_NAME)";
				SWIFT_VERSION = 4.2;
				TARGETED_DEVICE_FAMILY = "1,2";
				TEST_TARGET_NAME = Instagram;
			};
			name = Debug;
		};
		C2D223E322123B0B002F8D0D /* Release */ = {
			isa = XCBuildConfiguration;
			buildSettings = {
				ALWAYS_EMBED_SWIFT_STANDARD_LIBRARIES = YES;
				CODE_SIGN_STYLE = Automatic;
				DEVELOPMENT_TEAM = ZMCS57K2XJ;
				INFOPLIST_FILE = InstagramUITests/Info.plist;
				LD_RUNPATH_SEARCH_PATHS = (
					"$(inherited)",
					"@executable_path/Frameworks",
					"@loader_path/Frameworks",
				);
				PRODUCT_BUNDLE_IDENTIFIER = individual.InstagramUITests;
				PRODUCT_NAME = "$(TARGET_NAME)";
				SWIFT_VERSION = 4.2;
				TARGETED_DEVICE_FAMILY = "1,2";
				TEST_TARGET_NAME = Instagram;
			};
			name = Release;
		};
/* End XCBuildConfiguration section */

/* Begin XCConfigurationList section */
		C2D223AE22123B09002F8D0D /* Build configuration list for PBXProject "Instagram" */ = {
			isa = XCConfigurationList;
			buildConfigurations = (
				C2D223D922123B0B002F8D0D /* Debug */,
				C2D223DA22123B0B002F8D0D /* Release */,
			);
			defaultConfigurationIsVisible = 0;
			defaultConfigurationName = Release;
		};
		C2D223DB22123B0B002F8D0D /* Build configuration list for PBXNativeTarget "Instagram" */ = {
			isa = XCConfigurationList;
			buildConfigurations = (
				C2D223DC22123B0B002F8D0D /* Debug */,
				C2D223DD22123B0B002F8D0D /* Release */,
			);
			defaultConfigurationIsVisible = 0;
			defaultConfigurationName = Release;
		};
		C2D223DE22123B0B002F8D0D /* Build configuration list for PBXNativeTarget "InstagramTests" */ = {
			isa = XCConfigurationList;
			buildConfigurations = (
				C2D223DF22123B0B002F8D0D /* Debug */,
				C2D223E022123B0B002F8D0D /* Release */,
			);
			defaultConfigurationIsVisible = 0;
			defaultConfigurationName = Release;
		};
		C2D223E122123B0B002F8D0D /* Build configuration list for PBXNativeTarget "InstagramUITests" */ = {
			isa = XCConfigurationList;
			buildConfigurations = (
				C2D223E222123B0B002F8D0D /* Debug */,
				C2D223E322123B0B002F8D0D /* Release */,
			);
			defaultConfigurationIsVisible = 0;
			defaultConfigurationName = Release;
		};
/* End XCConfigurationList section */
	};
	rootObject = C2D223AB22123B09002F8D0D /* Project object */;
}
