// !$*UTF8*$!
{
	archiveVersion = 1;
	classes = {
	};
	objectVersion = 50;
	objects = {

/* Begin PBXBuildFile section */
		428A1E4B603827AB20DABDC3 /* Pods_Instagram.framework in Frameworks */ = {isa = PBXBuildFile; fileRef = 1FB38A9B15602507CC7D9112 /* Pods_Instagram.framework */; };
		B555A47C7D7F89F9123075E9 /* Pods_InstagramUITests.framework in Frameworks */ = {isa = PBXBuildFile; fileRef = 5205C843DB49C8B992E99F18 /* Pods_InstagramUITests.framework */; };
		C26055B12214E52E00ED68DF /* CameraViewController.swift in Sources */ = {isa = PBXBuildFile; fileRef = C26055B02214E52E00ED68DF /* CameraViewController.swift */; };
		C26055B32214EFC400ED68DF /* PostTableViewCell.swift in Sources */ = {isa = PBXBuildFile; fileRef = C26055B22214EFC400ED68DF /* PostTableViewCell.swift */; };
		C28555A8221B79230020CFDC /* CommentTableViewCell.swift in Sources */ = {isa = PBXBuildFile; fileRef = C28555A7221B79230020CFDC /* CommentTableViewCell.swift */; };
		C2D223B722123B09002F8D0D /* AppDelegate.swift in Sources */ = {isa = PBXBuildFile; fileRef = C2D223B622123B09002F8D0D /* AppDelegate.swift */; };
		C2D223BC22123B09002F8D0D /* Main.storyboard in Resources */ = {isa = PBXBuildFile; fileRef = C2D223BA22123B09002F8D0D /* Main.storyboard */; };
		C2D223BE22123B0B002F8D0D /* Assets.xcassets in Resources */ = {isa = PBXBuildFile; fileRef = C2D223BD22123B0B002F8D0D /* Assets.xcassets */; };
		C2D223C122123B0B002F8D0D /* LaunchScreen.storyboard in Resources */ = {isa = PBXBuildFile; fileRef = C2D223BF22123B0B002F8D0D /* LaunchScreen.storyboard */; };
		C2D223CC22123B0B002F8D0D /* InstagramTests.swift in Sources */ = {isa = PBXBuildFile; fileRef = C2D223CB22123B0B002F8D0D /* InstagramTests.swift */; };
		C2D223D722123B0B002F8D0D /* InstagramUITests.swift in Sources */ = {isa = PBXBuildFile; fileRef = C2D223D622123B0B002F8D0D /* InstagramUITests.swift */; };
		C2D223E5221247D4002F8D0D /* LoginViewController.swift in Sources */ = {isa = PBXBuildFile; fileRef = C2D223E4221247D4002F8D0D /* LoginViewController.swift */; };
		C2D223E922124806002F8D0D /* FeedViewController.swift in Sources */ = {isa = PBXBuildFile; fileRef = C2D223E822124806002F8D0D /* FeedViewController.swift */; };
		F305F7EAE345BF25E4121C2E /* Pods_InstagramTests.framework in Frameworks */ = {isa = PBXBuildFile; fileRef = 182D73E7275760E14F86A5FF /* Pods_InstagramTests.framework */; };
/* End PBXBuildFile section */

/* Begin PBXContainerItemProxy section */
		C2D223C822123B0B002F8D0D /* PBXContainerItemProxy */ = {
			isa = PBXContainerItemProxy;
			containerPortal = C2D223AB22123B09002F8D0D /* Project object */;
			proxyType = 1;
			remoteGlobalIDString = C2D223B222123B09002F8D0D;
			remoteInfo = Instagram;
		};
		C2D223D322123B0B002F8D0D /* PBXContainerItemProxy */ = {
			isa = PBXContainerItemProxy;
			containerPortal = C2D223AB22123B09002F8D0D /* Project object */;
			proxyType = 1;
			remoteGlobalIDString = C2D223B222123B09002F8D0D;
			remoteInfo = Instagram;
		};
/* End PBXContainerItemProxy section */

/* Begin PBXFileReference section */
		182D73E7275760E14F86A5FF /* Pods_InstagramTests.framework */ = {isa = PBXFileReference; explicitFileType = wrapper.framework; includeInIndex = 0; path = Pods_InstagramTests.framework; sourceTree = BUILT_PRODUCTS_DIR; };
		1FB38A9B15602507CC7D9112 /* Pods_Instagram.framework */ = {isa = PBXFileReference; explicitFileType = wrapper.framework; includeInIndex = 0; path = Pods_Instagram.framework; sourceTree = BUILT_PRODUCTS_DIR; };
		5205C843DB49C8B992E99F18 /* Pods_InstagramUITests.framework */ = {isa = PBXFileReference; explicitFileType = wrapper.framework; includeInIndex = 0; path = Pods_InstagramUITests.framework; sourceTree = BUILT_PRODUCTS_DIR; };
		6687E2809E74FFF1599866C1 /* Pods-Instagram.debug.xcconfig */ = {isa = PBXFileReference; includeInIndex = 1; lastKnownFileType = text.xcconfig; name = "Pods-Instagram.debug.xcconfig"; path = "Pods/Target Support Files/Pods-Instagram/Pods-Instagram.debug.xcconfig"; sourceTree = "<group>"; };
		7EB3C14564AF55D690AB0D34 /* Pods-InstagramUITests.release.xcconfig */ = {isa = PBXFileReference; includeInIndex = 1; lastKnownFileType = text.xcconfig; name = "Pods-InstagramUITests.release.xcconfig"; path = "Pods/Target Support Files/Pods-InstagramUITests/Pods-InstagramUITests.release.xcconfig"; sourceTree = "<group>"; };
		8D8EE4E1FE11CA8B0F543BD2 /* Pods-InstagramUITests.debug.xcconfig */ = {isa = PBXFileReference; includeInIndex = 1; lastKnownFileType = text.xcconfig; name = "Pods-InstagramUITests.debug.xcconfig"; path = "Pods/Target Support Files/Pods-InstagramUITests/Pods-InstagramUITests.debug.xcconfig"; sourceTree = "<group>"; };
		ACC7DED44C2BE39BE0DC44D2 /* Pods-InstagramTests.release.xcconfig */ = {isa = PBXFileReference; includeInIndex = 1; lastKnownFileType = text.xcconfig; name = "Pods-InstagramTests.release.xcconfig"; path = "Pods/Target Support Files/Pods-InstagramTests/Pods-InstagramTests.release.xcconfig"; sourceTree = "<group>"; };
		B5A6A3C20707BE12AFE02E92 /* Pods-Instagram.release.xcconfig */ = {isa = PBXFileReference; includeInIndex = 1; lastKnownFileType = text.xcconfig; name = "Pods-Instagram.release.xcconfig"; path = "Pods/Target Support Files/Pods-Instagram/Pods-Instagram.release.xcconfig"; sourceTree = "<group>"; };
		BD65526F6A7B875D4FC3DF1B /* Pods-InstagramTests.debug.xcconfig */ = {isa = PBXFileReference; includeInIndex = 1; lastKnownFileType = text.xcconfig; name = "Pods-InstagramTests.debug.xcconfig"; path = "Pods/Target Support Files/Pods-InstagramTests/Pods-InstagramTests.debug.xcconfig"; sourceTree = "<group>"; };
		C26055B02214E52E00ED68DF /* CameraViewController.swift */ = {isa = PBXFileReference; lastKnownFileType = sourcecode.swift; path = CameraViewController.swift; sourceTree = "<group>"; };
		C26055B22214EFC400ED68DF /* PostTableViewCell.swift */ = {isa = PBXFileReference; lastKnownFileType = sourcecode.swift; path = PostTableViewCell.swift; sourceTree = "<group>"; };
		C28555A7221B79230020CFDC /* CommentTableViewCell.swift */ = {isa = PBXFileReference; lastKnownFileType = sourcecode.swift; path = CommentTableViewCell.swift; sourceTree = "<group>"; };
		C2D223B322123B09002F8D0D /* Instagram.app */ = {isa = PBXFileReference; explicitFileType = wrapper.application; includeInIndex = 0; path = Instagram.app; sourceTree = BUILT_PRODUCTS_DIR; };
		C2D223B622123B09002F8D0D /* AppDelegate.swift */ = {isa = PBXFileReference; lastKnownFileType = sourcecode.swift; path = AppDelegate.swift; sourceTree = "<group>"; };
		C2D223BB22123B09002F8D0D /* Base */ = {isa = PBXFileReference; lastKnownFileType = file.storyboard; name = Base; path = Base.lproj/Main.storyboard; sourceTree = "<group>"; };
		C2D223BD22123B0B002F8D0D /* Assets.xcassets */ = {isa = PBXFileReference; lastKnownFileType = folder.assetcatalog; path = Assets.xcassets; sourceTree = "<group>"; };
		C2D223C022123B0B002F8D0D /* Base */ = {isa = PBXFileReference; lastKnownFileType = file.storyboard; name = Base; path = Base.lproj/LaunchScreen.storyboard; sourceTree = "<group>"; };
		C2D223C222123B0B002F8D0D /* Info.plist */ = {isa = PBXFileReference; lastKnownFileType = text.plist.xml; path = Info.plist; sourceTree = "<group>"; };
		C2D223C722123B0B002F8D0D /* InstagramTests.xctest */ = {isa = PBXFileReference; explicitFileType = wrapper.cfbundle; includeInIndex = 0; path = InstagramTests.xctest; sourceTree = BUILT_PRODUCTS_DIR; };
		C2D223CB22123B0B002F8D0D /* InstagramTests.swift */ = {isa = PBXFileReference; lastKnownFileType = sourcecode.swift; path = InstagramTests.swift; sourceTree = "<group>"; };
		C2D223CD22123B0B002F8D0D /* Info.plist */ = {isa = PBXFileReference; lastKnownFileType = text.plist.xml; path = Info.plist; sourceTree = "<group>"; };
		C2D223D222123B0B002F8D0D /* InstagramUITests.xctest */ = {isa = PBXFileReference; explicitFileType = wrapper.cfbundle; includeInIndex = 0; path = InstagramUITests.xctest; sourceTree = BUILT_PRODUCTS_DIR; };
		C2D223D622123B0B002F8D0D /* InstagramUITests.swift */ = {isa = PBXFileReference; lastKnownFileType = sourcecode.swift; path = InstagramUITests.swift; sourceTree = "<group>"; };
		C2D223D822123B0B002F8D0D /* Info.plist */ = {isa = PBXFileReference; lastKnownFileType = text.plist.xml; path = Info.plist; sourceTree = "<group>"; };
		C2D223E4221247D4002F8D0D /* LoginViewController.swift */ = {isa = PBXFileReference; lastKnownFileType = sourcecode.swift; path = LoginViewController.swift; sourceTree = "<group>"; };
		C2D223E822124806002F8D0D /* FeedViewController.swift */ = {isa = PBXFileReference; lastKnownFileType = sourcecode.swift; path = FeedViewController.swift; sourceTree = "<group>"; };
/* End PBXFileReference section */

/* Begin PBXFrameworksBuildPhase section */
		C2D223B022123B09002F8D0D /* Frameworks */ = {
			isa = PBXFrameworksBuildPhase;
			buildActionMask = 2147483647;
			files = (
				428A1E4B603827AB20DABDC3 /* Pods_Instagram.framework in Frameworks */,
			);
			runOnlyForDeploymentPostprocessing = 0;
		};
		C2D223C422123B0B002F8D0D /* Frameworks */ = {
			isa = PBXFrameworksBuildPhase;
			buildActionMask = 2147483647;
			files = (
				F305F7EAE345BF25E4121C2E /* Pods_InstagramTests.framework in Frameworks */,
			);
			runOnlyForDeploymentPostprocessing = 0;
		};
		C2D223CF22123B0B002F8D0D /* Frameworks */ = {
			isa = PBXFrameworksBuildPhase;
			buildActionMask = 2147483647;
			files = (
				B555A47C7D7F89F9123075E9 /* Pods_InstagramUITests.framework in Frameworks */,
			);
			runOnlyForDeploymentPostprocessing = 0;
		};
/* End PBXFrameworksBuildPhase section */

/* Begin PBXGroup section */
		78E05992BE4B8CBB540AC79A /* Frameworks */ = {
			isa = PBXGroup;
			children = (
				1FB38A9B15602507CC7D9112 /* Pods_Instagram.framework */,
				182D73E7275760E14F86A5FF /* Pods_InstagramTests.framework */,
				5205C843DB49C8B992E99F18 /* Pods_InstagramUITests.framework */,
			);
			name = Frameworks;
			sourceTree = "<group>";
		};
		90A4CA88787F115DB6015691 /* Pods */ = {
			isa = PBXGroup;
			children = (
				6687E2809E74FFF1599866C1 /* Pods-Instagram.debug.xcconfig */,
				B5A6A3C20707BE12AFE02E92 /* Pods-Instagram.release.xcconfig */,
				BD65526F6A7B875D4FC3DF1B /* Pods-InstagramTests.debug.xcconfig */,
				ACC7DED44C2BE39BE0DC44D2 /* Pods-InstagramTests.release.xcconfig */,
				8D8EE4E1FE11CA8B0F543BD2 /* Pods-InstagramUITests.debug.xcconfig */,
				7EB3C14564AF55D690AB0D34 /* Pods-InstagramUITests.release.xcconfig */,
			);
			name = Pods;
			sourceTree = "<group>";
		};
		C2D223AA22123B09002F8D0D = {
			isa = PBXGroup;
			children = (
				C2D223B522123B09002F8D0D /* Instagram */,
				C2D223CA22123B0B002F8D0D /* InstagramTests */,
				C2D223D522123B0B002F8D0D /* InstagramUITests */,
				C2D223B422123B09002F8D0D /* Products */,
				90A4CA88787F115DB6015691 /* Pods */,
				78E05992BE4B8CBB540AC79A /* Frameworks */,
			);
			sourceTree = "<group>";
		};
		C2D223B422123B09002F8D0D /* Products */ = {
			isa = PBXGroup;
			children = (
				C2D223B322123B09002F8D0D /* Instagram.app */,
				C2D223C722123B0B002F8D0D /* InstagramTests.xctest */,
				C2D223D222123B0B002F8D0D /* InstagramUITests.xctest */,
			);
			name = Products;
			sourceTree = "<group>";
		};
		C2D223B522123B09002F8D0D /* Instagram */ = {
			isa = PBXGroup;
			children = (
				C2D223B622123B09002F8D0D /* AppDelegate.swift */,
				C2D223BA22123B09002F8D0D /* Main.storyboard */,
				C2D223BD22123B0B002F8D0D /* Assets.xcassets */,
				C2D223BF22123B0B002F8D0D /* LaunchScreen.storyboard */,
				C2D223C222123B0B002F8D0D /* Info.plist */,
				C2D223E4221247D4002F8D0D /* LoginViewController.swift */,
				C2D223E822124806002F8D0D /* FeedViewController.swift */,
				C26055B02214E52E00ED68DF /* CameraViewController.swift */,
				C26055B22214EFC400ED68DF /* PostTableViewCell.swift */,
				C28555A7221B79230020CFDC /* CommentTableViewCell.swift */,
			);
			path = Instagram;
			sourceTree = "<group>";
		};
		C2D223CA22123B0B002F8D0D /* InstagramTests */ = {
			isa = PBXGroup;
			children = (
				C2D223CB22123B0B002F8D0D /* InstagramTests.swift */,
				C2D223CD22123B0B002F8D0D /* Info.plist */,
			);
			path = InstagramTests;
			sourceTree = "<group>";
		};
		C2D223D522123B0B002F8D0D /* InstagramUITests */ = {
			isa = PBXGroup;
			children = (
				C2D223D622123B0B002F8D0D /* InstagramUITests.swift */,
				C2D223D822123B0B002F8D0D /* Info.plist */,
			);
			path = InstagramUITests;
			sourceTree = "<group>";
		};
/* End PBXGroup section */

/* Begin PBXNativeTarget section */
		C2D223B222123B09002F8D0D /* Instagram */ = {
			isa = PBXNativeTarget;
			buildConfigurationList = C2D223DB22123B0B002F8D0D /* Build configuration list for PBXNativeTarget "Instagram" */;
			buildPhases = (
				28CE1D52401F8CDD2B378508 /* [CP] Check Pods Manifest.lock */,
				C2D223AF22123B09002F8D0D /* Sources */,
				C2D223B022123B09002F8D0D /* Frameworks */,
				C2D223B122123B09002F8D0D /* Resources */,
				2B9864706B3DE03667A7294F /* [CP] Embed Pods Frameworks */,
			);
			buildRules = (
			);
			dependencies = (
			);
			name = Instagram;
			productName = Instagram;
			productReference = C2D223B322123B09002F8D0D /* Instagram.app */;
			productType = "com.apple.product-type.application";
		};
		C2D223C622123B0B002F8D0D /* InstagramTests */ = {
			isa = PBXNativeTarget;
			buildConfigurationList = C2D223DE22123B0B002F8D0D /* Build configuration list for PBXNativeTarget "InstagramTests" */;
			buildPhases = (
				9BFB524C25FFADF7F99D57FA /* [CP] Check Pods Manifest.lock */,
				C2D223C322123B0B002F8D0D /* Sources */,
				C2D223C422123B0B002F8D0D /* Frameworks */,
				C2D223C522123B0B002F8D0D /* Resources */,
			);
			buildRules = (
			);
			dependencies = (
				C2D223C922123B0B002F8D0D /* PBXTargetDependency */,
			);
			name = InstagramTests;
			productName = InstagramTests;
			productReference = C2D223C722123B0B002F8D0D /* InstagramTests.xctest */;
			productType = "com.apple.product-type.bundle.unit-test";
		};
		C2D223D122123B0B002F8D0D /* InstagramUITests */ = {
			isa = PBXNativeTarget;
			buildConfigurationList = C2D223E122123B0B002F8D0D /* Build configuration list for PBXNativeTarget "InstagramUITests" */;
			buildPhases = (
				2EA88122B6E584C401A1480B /* [CP] Check Pods Manifest.lock */,
				C2D223CE22123B0B002F8D0D /* Sources */,
				C2D223CF22123B0B002F8D0D /* Frameworks */,
				C2D223D022123B0B002F8D0D /* Resources */,
			);
			buildRules = (
			);
			dependencies = (
				C2D223D422123B0B002F8D0D /* PBXTargetDependency */,
			);
			name = InstagramUITests;
			productName = InstagramUITests;
			productReference = C2D223D222123B0B002F8D0D /* InstagramUITests.xctest */;
			productType = "com.apple.product-type.bundle.ui-testing";
		};
/* End PBXNativeTarget section */

/* Begin PBXProject section */
		C2D223AB22123B09002F8D0D /* Project object */ = {
			isa = PBXProject;
			attributes = {
				LastSwiftUpdateCheck = 1010;
				LastUpgradeCheck = 1010;
				ORGANIZATIONNAME = individual;
				TargetAttributes = {
					C2D223B222123B09002F8D0D = {
						CreatedOnToolsVersion = 10.1;
					};
					C2D223C622123B0B002F8D0D = {
						CreatedOnToolsVersion = 10.1;
						TestTargetID = C2D223B222123B09002F8D0D;
					};
					C2D223D122123B0B002F8D0D = {
						CreatedOnToolsVersion = 10.1;
						TestTargetID = C2D223B222123B09002F8D0D;
					};
				};
			};
			buildConfigurationList = C2D223AE22123B09002F8D0D /* Build configuration list for PBXProject "Instagram" */;
			compatibilityVersion = "Xcode 9.3";
			developmentRegion = en;
			hasScannedForEncodings = 0;
			knownRegions = (
				en,
				Base,
			);
			mainGroup = C2D223AA22123B09002F8D0D;
			productRefGroup = C2D223B422123B09002F8D0D /* Products */;
			projectDirPath = "";
			projectRoot = "";
			targets = (
				C2D223B222123B09002F8D0D /* Instagram */,
				C2D223C622123B0B002F8D0D /* InstagramTests */,
				C2D223D122123B0B002F8D0D /* InstagramUITests */,
			);
		};
/* End PBXProject section */

/* Begin PBXResourcesBuildPhase section */
		C2D223B122123B09002F8D0D /* Resources */ = {
			isa = PBXResourcesBuildPhase;
			buildActionMask = 2147483647;
			files = (
				C2D223C122123B0B002F8D0D /* LaunchScreen.storyboard in Resources */,
				C2D223BE22123B0B002F8D0D /* Assets.xcassets in Resources */,
				C2D223BC22123B09002F8D0D /* Main.storyboard in Resources */,
			);
			runOnlyForDeploymentPostprocessing = 0;
		};
		C2D223C522123B0B002F8D0D /* Resources */ = {
			isa = PBXResourcesBuildPhase;
			buildActionMask = 2147483647;
			files = (
			);
			runOnlyForDeploymentPostprocessing = 0;
		};
		C2D223D022123B0B002F8D0D /* Resources */ = {
			isa = PBXResourcesBuildPhase;
			buildActionMask = 2147483647;
			files = (
			);
			runOnlyForDeploymentPostprocessing = 0;
		};
/* End PBXResourcesBuildPhase section */

/* Begin PBXShellScriptBuildPhase section */
		28CE1D52401F8CDD2B378508 /* [CP] Check Pods Manifest.lock */ = {
			isa = PBXShellScriptBuildPhase;
			buildActionMask = 2147483647;
			files = (
			);
			inputFileListPaths = (
			);
			inputPaths = (
				"${PODS_PODFILE_DIR_PATH}/Podfile.lock",
				"${PODS_ROOT}/Manifest.lock",
			);
			name = "[CP] Check Pods Manifest.lock";
			outputFileListPaths = (
			);
			outputPaths = (
				"$(DERIVED_FILE_DIR)/Pods-Instagram-checkManifestLockResult.txt",
			);
			runOnlyForDeploymentPostprocessing = 0;
			shellPath = /bin/sh;
			shellScript = "diff \"${PODS_PODFILE_DIR_PATH}/Podfile.lock\" \"${PODS_ROOT}/Manifest.lock\" > /dev/null\nif [ $? != 0 ] ; then\n    # print error to STDERR\n    echo \"error: The sandbox is not in sync with the Podfile.lock. Run 'pod install' or update your CocoaPods installation.\" >&2\n    exit 1\nfi\n# This output is used by Xcode 'outputs' to avoid re-running this script phase.\necho \"SUCCESS\" > \"${SCRIPT_OUTPUT_FILE_0}\"\n";
			showEnvVarsInLog = 0;
		};
		2B9864706B3DE03667A7294F /* [CP] Embed Pods Frameworks */ = {
			isa = PBXShellScriptBuildPhase;
			buildActionMask = 2147483647;
			files = (
			);
			inputFileListPaths = (
			);
			inputPaths = (
				"${SRCROOT}/Pods/Target Support Files/Pods-Instagram/Pods-Instagram-frameworks.sh",
				"${BUILT_PRODUCTS_DIR}/Alamofire/Alamofire.framework",
				"${BUILT_PRODUCTS_DIR}/AlamofireImage/AlamofireImage.framework",
				"${BUILT_PRODUCTS_DIR}/Bolts/Bolts.framework",
				"${BUILT_PRODUCTS_DIR}/MessageInputBar/MessageInputBar.framework",
				"${BUILT_PRODUCTS_DIR}/Parse/Parse.framework",
			);
			name = "[CP] Embed Pods Frameworks";
			outputFileListPaths = (
			);
			outputPaths = (
				"${TARGET_BUILD_DIR}/${FRAMEWORKS_FOLDER_PATH}/Alamofire.framework",
				"${TARGET_BUILD_DIR}/${FRAMEWORKS_FOLDER_PATH}/AlamofireImage.framework",
				"${TARGET_BUILD_DIR}/${FRAMEWORKS_FOLDER_PATH}/Bolts.framework",
				"${TARGET_BUILD_DIR}/${FRAMEWORKS_FOLDER_PATH}/MessageInputBar.framework",
				"${TARGET_BUILD_DIR}/${FRAMEWORKS_FOLDER_PATH}/Parse.framework",
			);
			runOnlyForDeploymentPostprocessing = 0;
			shellPath = /bin/sh;
			shellScript = "\"${SRCROOT}/Pods/Target Support Files/Pods-Instagram/Pods-Instagram-frameworks.sh\"\n";
			showEnvVarsInLog = 0;
		};
		2EA88122B6E584C401A1480B /* [CP] Check Pods Manifest.lock */ = {
			isa = PBXShellScriptBuildPhase;
			buildActionMask = 2147483647;
			files = (
			);
			inputFileListPaths = (
			);
			inputPaths = (
				"${PODS_PODFILE_DIR_PATH}/Podfile.lock",
				"${PODS_ROOT}/Manifest.lock",
			);
			name = "[CP] Check Pods Manifest.lock";
			outputFileListPaths = (
			);
			outputPaths = (
				"$(DERIVED_FILE_DIR)/Pods-InstagramUITests-checkManifestLockResult.txt",
			);
			runOnlyForDeploymentPostprocessing = 0;
			shellPath = /bin/sh;
			shellScript = "diff \"${PODS_PODFILE_DIR_PATH}/Podfile.lock\" \"${PODS_ROOT}/Manifest.lock\" > /dev/null\nif [ $? != 0 ] ; then\n    # print error to STDERR\n    echo \"error: The sandbox is not in sync with the Podfile.lock. Run 'pod install' or update your CocoaPods installation.\" >&2\n    exit 1\nfi\n# This output is used by Xcode 'outputs' to avoid re-running this script phase.\necho \"SUCCESS\" > \"${SCRIPT_OUTPUT_FILE_0}\"\n";
			showEnvVarsInLog = 0;
		};
		9BFB524C25FFADF7F99D57FA /* [CP] Check Pods Manifest.lock */ = {
			isa = PBXShellScriptBuildPhase;
			buildActionMask = 2147483647;
			files = (
			);
			inputFileListPaths = (
			);
			inputPaths = (
				"${PODS_PODFILE_DIR_PATH}/Podfile.lock",
				"${PODS_ROOT}/Manifest.lock",
			);
			name = "[CP] Check Pods Manifest.lock";
			outputFileListPaths = (
			);
			outputPaths = (
				"$(DERIVED_FILE_DIR)/Pods-InstagramTests-checkManifestLockResult.txt",
			);
			runOnlyForDeploymentPostprocessing = 0;
			shellPath = /bin/sh;
			shellScript = "diff \"${PODS_PODFILE_DIR_PATH}/Podfile.lock\" \"${PODS_ROOT}/Manifest.lock\" > /dev/null\nif [ $? != 0 ] ; then\n    # print error to STDERR\n    echo \"error: The sandbox is not in sync with the Podfile.lock. Run 'pod install' or update your CocoaPods installation.\" >&2\n    exit 1\nfi\n# This output is used by Xcode 'outputs' to avoid re-running this script phase.\necho \"SUCCESS\" > \"${SCRIPT_OUTPUT_FILE_0}\"\n";
			showEnvVarsInLog = 0;
		};
/* End PBXShellScriptBuildPhase section */

/* Begin PBXSourcesBuildPhase section */
		C2D223AF22123B09002F8D0D /* Sources */ = {
			isa = PBXSourcesBuildPhase;
			buildActionMask = 2147483647;
			files = (
				C2D223E5221247D4002F8D0D /* LoginViewController.swift in Sources */,
				C28555A8221B79230020CFDC /* CommentTableViewCell.swift in Sources */,
				C26055B12214E52E00ED68DF /* CameraViewController.swift in Sources */,
				C26055B32214EFC400ED68DF /* PostTableViewCell.swift in Sources */,
				C2D223E922124806002F8D0D /* FeedViewController.swift in Sources */,
				C2D223B722123B09002F8D0D /* AppDelegate.swift in Sources */,
			);
			runOnlyForDeploymentPostprocessing = 0;
		};
		C2D223C322123B0B002F8D0D /* Sources */ = {
			isa = PBXSourcesBuildPhase;
			buildActionMask = 2147483647;
			files = (
				C2D223CC22123B0B002F8D0D /* InstagramTests.swift in Sources */,
			);
			runOnlyForDeploymentPostprocessing = 0;
		};
		C2D223CE22123B0B002F8D0D /* Sources */ = {
			isa = PBXSourcesBuildPhase;
			buildActionMask = 2147483647;
			files = (
				C2D223D722123B0B002F8D0D /* InstagramUITests.swift in Sources */,
			);
			runOnlyForDeploymentPostprocessing = 0;
		};
/* End PBXSourcesBuildPhase section */

/* Begin PBXTargetDependency section */
		C2D223C922123B0B002F8D0D /* PBXTargetDependency */ = {
			isa = PBXTargetDependency;
			target = C2D223B222123B09002F8D0D /* Instagram */;
			targetProxy = C2D223C822123B0B002F8D0D /* PBXContainerItemProxy */;
		};
		C2D223D422123B0B002F8D0D /* PBXTargetDependency */ = {
			isa = PBXTargetDependency;
			target = C2D223B222123B09002F8D0D /* Instagram */;
			targetProxy = C2D223D322123B0B002F8D0D /* PBXContainerItemProxy */;
		};
/* End PBXTargetDependency section */

/* Begin PBXVariantGroup section */
		C2D223BA22123B09002F8D0D /* Main.storyboard */ = {
			isa = PBXVariantGroup;
			children = (
				C2D223BB22123B09002F8D0D /* Base */,
			);
			name = Main.storyboard;
			sourceTree = "<group>";
		};
		C2D223BF22123B0B002F8D0D /* LaunchScreen.storyboard */ = {
			isa = PBXVariantGroup;
			children = (
				C2D223C022123B0B002F8D0D /* Base */,
			);
			name = LaunchScreen.storyboard;
			sourceTree = "<group>";
		};
/* End PBXVariantGroup section */

/* Begin XCBuildConfiguration section */
		C2D223D922123B0B002F8D0D /* Debug */ = {
			isa = XCBuildConfiguration;
			buildSettings = {
				ALWAYS_SEARCH_USER_PATHS = NO;
				CLANG_ANALYZER_NONNULL = YES;
				CLANG_ANALYZER_NUMBER_OBJECT_CONVERSION = YES_AGGRESSIVE;
				CLANG_CXX_LANGUAGE_STANDARD = "gnu++14";
				CLANG_CXX_LIBRARY = "libc++";
				CLANG_ENABLE_MODULES = YES;
				CLANG_ENABLE_OBJC_ARC = YES;
				CLANG_ENABLE_OBJC_WEAK = YES;
				CLANG_WARN_BLOCK_CAPTURE_AUTORELEASING = YES;
				CLANG_WARN_BOOL_CONVERSION = YES;
				CLANG_WARN_COMMA = YES;
				CLANG_WARN_CONSTANT_CONVERSION = YES;
				CLANG_WARN_DEPRECATED_OBJC_IMPLEMENTATIONS = YES;
				CLANG_WARN_DIRECT_OBJC_ISA_USAGE = YES_ERROR;
				CLANG_WARN_DOCUMENTATION_COMMENTS = YES;
				CLANG_WARN_EMPTY_BODY = YES;
				CLANG_WARN_ENUM_CONVERSION = YES;
				CLANG_WARN_INFINITE_RECURSION = YES;
				CLANG_WARN_INT_CONVERSION = YES;
				CLANG_WARN_NON_LITERAL_NULL_CONVERSION = YES;
				CLANG_WARN_OBJC_IMPLICIT_RETAIN_SELF = YES;
				CLANG_WARN_OBJC_LITERAL_CONVERSION = YES;
				CLANG_WARN_OBJC_ROOT_CLASS = YES_ERROR;
				CLANG_WARN_RANGE_LOOP_ANALYSIS = YES;
				CLANG_WARN_STRICT_PROTOTYPES = YES;
				CLANG_WARN_SUSPICIOUS_MOVE = YES;
				CLANG_WARN_UNGUARDED_AVAILABILITY = YES_AGGRESSIVE;
				CLANG_WARN_UNREACHABLE_CODE = YES;
				CLANG_WARN__DUPLICATE_METHOD_MATCH = YES;
				CODE_SIGN_IDENTITY = "iPhone Developer";
				COPY_PHASE_STRIP = NO;
				DEBUG_INFORMATION_FORMAT = dwarf;
				ENABLE_STRICT_OBJC_MSGSEND = YES;
				ENABLE_TESTABILITY = YES;
				GCC_C_LANGUAGE_STANDARD = gnu11;
				GCC_DYNAMIC_NO_PIC = NO;
				GCC_NO_COMMON_BLOCKS = YES;
				GCC_OPTIMIZATION_LEVEL = 0;
				GCC_PREPROCESSOR_DEFINITIONS = (
					"DEBUG=1",
					"$(inherited)",
				);
				GCC_WARN_64_TO_32_BIT_CONVERSION = YES;
				GCC_WARN_ABOUT_RETURN_TYPE = YES_ERROR;
				GCC_WARN_UNDECLARED_SELECTOR = YES;
				GCC_WARN_UNINITIALIZED_AUTOS = YES_AGGRESSIVE;
				GCC_WARN_UNUSED_FUNCTION = YES;
				GCC_WARN_UNUSED_VARIABLE = YES;
				IPHONEOS_DEPLOYMENT_TARGET = 12.1;
				MTL_ENABLE_DEBUG_INFO = INCLUDE_SOURCE;
				MTL_FAST_MATH = YES;
				ONLY_ACTIVE_ARCH = YES;
				SDKROOT = iphoneos;
				SWIFT_ACTIVE_COMPILATION_CONDITIONS = DEBUG;
				SWIFT_OPTIMIZATION_LEVEL = "-Onone";
			};
			name = Debug;
		};
		C2D223DA22123B0B002F8D0D /* Release */ = {
			isa = XCBuildConfiguration;
			buildSettings = {
				ALWAYS_SEARCH_USER_PATHS = NO;
				CLANG_ANALYZER_NONNULL = YES;
				CLANG_ANALYZER_NUMBER_OBJECT_CONVERSION = YES_AGGRESSIVE;
				CLANG_CXX_LANGUAGE_STANDARD = "gnu++14";
				CLANG_CXX_LIBRARY = "libc++";
				CLANG_ENABLE_MODULES = YES;
				CLANG_ENABLE_OBJC_ARC = YES;
				CLANG_ENABLE_OBJC_WEAK = YES;
				CLANG_WARN_BLOCK_CAPTURE_AUTORELEASING = YES;
				CLANG_WARN_BOOL_CONVERSION = YES;
				CLANG_WARN_COMMA = YES;
				CLANG_WARN_CONSTANT_CONVERSION = YES;
				CLANG_WARN_DEPRECATED_OBJC_IMPLEMENTATIONS = YES;
				CLANG_WARN_DIRECT_OBJC_ISA_USAGE = YES_ERROR;
				CLANG_WARN_DOCUMENTATION_COMMENTS = YES;
				CLANG_WARN_EMPTY_BODY = YES;
				CLANG_WARN_ENUM_CONVERSION = YES;
				CLANG_WARN_INFINITE_RECURSION = YES;
				CLANG_WARN_INT_CONVERSION = YES;
				CLANG_WARN_NON_LITERAL_NULL_CONVERSION = YES;
				CLANG_WARN_OBJC_IMPLICIT_RETAIN_SELF = YES;
				CLANG_WARN_OBJC_LITERAL_CONVERSION = YES;
				CLANG_WARN_OBJC_ROOT_CLASS = YES_ERROR;
				CLANG_WARN_RANGE_LOOP_ANALYSIS = YES;
				CLANG_WARN_STRICT_PROTOTYPES = YES;
				CLANG_WARN_SUSPICIOUS_MOVE = YES;
				CLANG_WARN_UNGUARDED_AVAILABILITY = YES_AGGRESSIVE;
				CLANG_WARN_UNREACHABLE_CODE = YES;
				CLANG_WARN__DUPLICATE_METHOD_MATCH = YES;
				CODE_SIGN_IDENTITY = "iPhone Developer";
				COPY_PHASE_STRIP = NO;
				DEBUG_INFORMATION_FORMAT = "dwarf-with-dsym";
				ENABLE_NS_ASSERTIONS = NO;
				ENABLE_STRICT_OBJC_MSGSEND = YES;
				GCC_C_LANGUAGE_STANDARD = gnu11;
				GCC_NO_COMMON_BLOCKS = YES;
				GCC_WARN_64_TO_32_BIT_CONVERSION = YES;
				GCC_WARN_ABOUT_RETURN_TYPE = YES_ERROR;
				GCC_WARN_UNDECLARED_SELECTOR = YES;
				GCC_WARN_UNINITIALIZED_AUTOS = YES_AGGRESSIVE;
				GCC_WARN_UNUSED_FUNCTION = YES;
				GCC_WARN_UNUSED_VARIABLE = YES;
				IPHONEOS_DEPLOYMENT_TARGET = 12.1;
				MTL_ENABLE_DEBUG_INFO = NO;
				MTL_FAST_MATH = YES;
				SDKROOT = iphoneos;
				SWIFT_COMPILATION_MODE = wholemodule;
				SWIFT_OPTIMIZATION_LEVEL = "-O";
				VALIDATE_PRODUCT = YES;
			};
			name = Release;
		};
		C2D223DC22123B0B002F8D0D /* Debug */ = {
			isa = XCBuildConfiguration;
			baseConfigurationReference = 6687E2809E74FFF1599866C1 /* Pods-Instagram.debug.xcconfig */;
			buildSettings = {
				ASSETCATALOG_COMPILER_APPICON_NAME = AppIcon;
				CODE_SIGN_STYLE = Automatic;
				DEVELOPMENT_TEAM = ZMCS57K2XJ;
				INFOPLIST_FILE = Instagram/Info.plist;
				LD_RUNPATH_SEARCH_PATHS = (
					"$(inherited)",
					"@executable_path/Frameworks",
				);
				PRODUCT_BUNDLE_IDENTIFIER = individual.Instagram;
				PRODUCT_NAME = "$(TARGET_NAME)";
				SWIFT_VERSION = 4.2;
				TARGETED_DEVICE_FAMILY = "1,2";
			};
			name = Debug;
		};
		C2D223DD22123B0B002F8D0D /* Release */ = {
			isa = XCBuildConfiguration;
			baseConfigurationReference = B5A6A3C20707BE12AFE02E92 /* Pods-Instagram.release.xcconfig */;
			buildSettings = {
				ASSETCATALOG_COMPILER_APPICON_NAME = AppIcon;
				CODE_SIGN_STYLE = Automatic;
				DEVELOPMENT_TEAM = ZMCS57K2XJ;
				INFOPLIST_FILE = Instagram/Info.plist;
				LD_RUNPATH_SEARCH_PATHS = (
					"$(inherited)",
					"@executable_path/Frameworks",
				);
				PRODUCT_BUNDLE_IDENTIFIER = individual.Instagram;
				PRODUCT_NAME = "$(TARGET_NAME)";
				SWIFT_VERSION = 4.2;
				TARGETED_DEVICE_FAMILY = "1,2";
			};
			name = Release;
		};
		C2D223DF22123B0B002F8D0D /* Debug */ = {
			isa = XCBuildConfiguration;
			baseConfigurationReference = BD65526F6A7B875D4FC3DF1B /* Pods-InstagramTests.debug.xcconfig */;
			buildSettings = {
				ALWAYS_EMBED_SWIFT_STANDARD_LIBRARIES = YES;
				BUNDLE_LOADER = "$(TEST_HOST)";
				CODE_SIGN_STYLE = Automatic;
				DEVELOPMENT_TEAM = ZMCS57K2XJ;
				INFOPLIST_FILE = InstagramTests/Info.plist;
				LD_RUNPATH_SEARCH_PATHS = (
					"$(inherited)",
					"@executable_path/Frameworks",
					"@loader_path/Frameworks",
				);
				PRODUCT_BUNDLE_IDENTIFIER = individual.InstagramTests;
				PRODUCT_NAME = "$(TARGET_NAME)";
				SWIFT_VERSION = 4.2;
				TARGETED_DEVICE_FAMILY = "1,2";
				TEST_HOST = "$(BUILT_PRODUCTS_DIR)/Instagram.app/Instagram";
			};
			name = Debug;
		};
		C2D223E022123B0B002F8D0D /* Release */ = {
			isa = XCBuildConfiguration;
			baseConfigurationReference = ACC7DED44C2BE39BE0DC44D2 /* Pods-InstagramTests.release.xcconfig */;
			buildSettings = {
				ALWAYS_EMBED_SWIFT_STANDARD_LIBRARIES = YES;
				BUNDLE_LOADER = "$(TEST_HOST)";
				CODE_SIGN_STYLE = Automatic;
				DEVELOPMENT_TEAM = ZMCS57K2XJ;
				INFOPLIST_FILE = InstagramTests/Info.plist;
				LD_RUNPATH_SEARCH_PATHS = (
					"$(inherited)",
					"@executable_path/Frameworks",
					"@loader_path/Frameworks",
				);
				PRODUCT_BUNDLE_IDENTIFIER = individual.InstagramTests;
				PRODUCT_NAME = "$(TARGET_NAME)";
				SWIFT_VERSION = 4.2;
				TARGETED_DEVICE_FAMILY = "1,2";
				TEST_HOST = "$(BUILT_PRODUCTS_DIR)/Instagram.app/Instagram";
			};
			name = Release;
		};
		C2D223E222123B0B002F8D0D /* Debug */ = {
			isa = XCBuildConfiguration;
			baseConfigurationReference = 8D8EE4E1FE11CA8B0F543BD2 /* Pods-InstagramUITests.debug.xcconfig */;
			buildSettings = {
				ALWAYS_EMBED_SWIFT_STANDARD_LIBRARIES = YES;
				CODE_SIGN_STYLE = Automatic;
				DEVELOPMENT_TEAM = ZMCS57K2XJ;
				INFOPLIST_FILE = InstagramUITests/Info.plist;
				LD_RUNPATH_SEARCH_PATHS = (
					"$(inherited)",
					"@executable_path/Frameworks",
					"@loader_path/Frameworks",
				);
				PRODUCT_BUNDLE_IDENTIFIER = individual.InstagramUITests;
				PRODUCT_NAME = "$(TARGET_NAME)";
				SWIFT_VERSION = 4.2;
				TARGETED_DEVICE_FAMILY = "1,2";
				TEST_TARGET_NAME = Instagram;
			};
			name = Debug;
		};
		C2D223E322123B0B002F8D0D /* Release */ = {
			isa = XCBuildConfiguration;
			baseConfigurationReference = 7EB3C14564AF55D690AB0D34 /* Pods-InstagramUITests.release.xcconfig */;
			buildSettings = {
				ALWAYS_EMBED_SWIFT_STANDARD_LIBRARIES = YES;
				CODE_SIGN_STYLE = Automatic;
				DEVELOPMENT_TEAM = ZMCS57K2XJ;
				INFOPLIST_FILE = InstagramUITests/Info.plist;
				LD_RUNPATH_SEARCH_PATHS = (
					"$(inherited)",
					"@executable_path/Frameworks",
					"@loader_path/Frameworks",
				);
				PRODUCT_BUNDLE_IDENTIFIER = individual.InstagramUITests;
				PRODUCT_NAME = "$(TARGET_NAME)";
				SWIFT_VERSION = 4.2;
				TARGETED_DEVICE_FAMILY = "1,2";
				TEST_TARGET_NAME = Instagram;
			};
			name = Release;
		};
/* End XCBuildConfiguration section */

/* Begin XCConfigurationList section */
		C2D223AE22123B09002F8D0D /* Build configuration list for PBXProject "Instagram" */ = {
			isa = XCConfigurationList;
			buildConfigurations = (
				C2D223D922123B0B002F8D0D /* Debug */,
				C2D223DA22123B0B002F8D0D /* Release */,
			);
			defaultConfigurationIsVisible = 0;
			defaultConfigurationName = Release;
		};
		C2D223DB22123B0B002F8D0D /* Build configuration list for PBXNativeTarget "Instagram" */ = {
			isa = XCConfigurationList;
			buildConfigurations = (
				C2D223DC22123B0B002F8D0D /* Debug */,
				C2D223DD22123B0B002F8D0D /* Release */,
			);
			defaultConfigurationIsVisible = 0;
			defaultConfigurationName = Release;
		};
		C2D223DE22123B0B002F8D0D /* Build configuration list for PBXNativeTarget "InstagramTests" */ = {
			isa = XCConfigurationList;
			buildConfigurations = (
				C2D223DF22123B0B002F8D0D /* Debug */,
				C2D223E022123B0B002F8D0D /* Release */,
			);
			defaultConfigurationIsVisible = 0;
			defaultConfigurationName = Release;
		};
		C2D223E122123B0B002F8D0D /* Build configuration list for PBXNativeTarget "InstagramUITests" */ = {
			isa = XCConfigurationList;
			buildConfigurations = (
				C2D223E222123B0B002F8D0D /* Debug */,
				C2D223E322123B0B002F8D0D /* Release */,
			);
			defaultConfigurationIsVisible = 0;
			defaultConfigurationName = Release;
		};
/* End XCConfigurationList section */
	};
	rootObject = C2D223AB22123B09002F8D0D /* Project object */;
}
